
Microsoft Visual Studio Solution File, Format Version 12.00
# Visual Studio Version 17
VisualStudioVersion = 17.6.33815.320
MinimumVisualStudioVersion = 10.0.40219.1
Project("{FAE04EC0-301F-11D3-BF4B-00C04F79EFBC}") = "TBT-CSharp-Bekic-Dario", "TBT-CSharp-Bekic-Dario.csproj", "{5EDC869F-8258-47D3-B1C4-A7EC0C3E930B}"
EndProject
Global
	GlobalSection(SolutionConfigurationPlatforms) = preSolution
		Debug|Any CPU = Debug|Any CPU
		Release|Any CPU = Release|Any CPU
	EndGlobalSection
	GlobalSection(ProjectConfigurationPlatforms) = postSolution
		{5EDC869F-8258-47D3-B1C4-A7EC0C3E930B}.Debug|Any CPU.ActiveCfg = Debug|Any CPU
		{5EDC869F-8258-47D3-B1C4-A7EC0C3E930B}.Debug|Any CPU.Build.0 = Debug|Any CPU
		{5EDC869F-8258-47D3-B1C4-A7EC0C3E930B}.Release|Any CPU.ActiveCfg = Release|Any CPU
		{5EDC869F-8258-47D3-B1C4-A7EC0C3E930B}.Release|Any CPU.Build.0 = Release|Any CPU
	EndGlobalSection
	GlobalSection(SolutionProperties) = preSolution
		HideSolutionNode = FALSE
	EndGlobalSection
	GlobalSection(ExtensibilityGlobals) = postSolution
		SolutionGuid = {F55B1ED4-3893-4E86-ADEF-8CED2E46783F}
	EndGlobalSection
EndGlobal
